{
  "name": "murasaki",
  "version": "0.0.0",
  "lockfileVersion": 3,
  "requires": true,
  "packages": {
    "": {
      "name": "murasaki",
      "version": "0.0.0",
      "license": "MIT",
      "dependencies": {
        "@webviewjs/webview": "^0.3.2"
      }
    },
    "node_modules/@webviewjs/webview": {
      "version": "0.3.2",
      "resolved": "https://registry.npmjs.org/@webviewjs/webview/-/webview-0.3.2.tgz",
      "integrity": "sha512-mmqK3Ivy8Aq04A6O1lBbBrMIW1YUXSUsAoJRcClz6QWyTx1vIGAJFJiJKT67ITzlzBECSeq9+SlGTQD7V7QxXg==",
      "license": "MIT",
      "bin": {
        "webview": "cli/index.mjs",
        "webviewjs": "cli/index.mjs"
      },
      "engines": {
        "node": ">= 24"
      },
      "optionalDependencies": {
        "@webviewjs/webview-android-arm-eabi": "0.3.2",
        "@webviewjs/webview-android-arm64": "0.3.2",
        "@webviewjs/webview-darwin-arm64": "0.3.2",
        "@webviewjs/webview-darwin-x64": "0.3.2",
        "@webviewjs/webview-freebsd-x64": "0.3.2",
        "@webviewjs/webview-linux-arm-gnueabihf": "0.3.2",
        "@webviewjs/webview-linux-arm64-gnu": "0.3.2",
        "@webviewjs/webview-linux-ia32-gnu": "0.3.2",
        "@webviewjs/webview-linux-x64-gnu": "0.3.2",
        "@webviewjs/webview-win32-arm64-msvc": "0.3.2",
        "@webviewjs/webview-win32-ia32-msvc": "0.3.2",
        "@webviewjs/webview-win32-x64-msvc": "0.3.2"
      }
    },
    "node_modules/@webviewjs/webview-android-arm-eabi": {
      "version": "0.3.2",
      "resolved": "https://registry.npmjs.org/@webviewjs/webview-android-arm-eabi/-/webview-android-arm-eabi-0.3.2.tgz",
      "integrity": "sha512-REoSGCoWpp5sSMXWK0lG1KgoI5gZPMlc7yC2MwfAQbXtkYEYCbIqmBJmpw8RVTUbAvsTEB8WnNjfP4aVv7koxw==",
      "cpu": [
        "arm"
      ],
      "license": "MIT",
      "optional": true,
      "os": [
        "android"
      ],
      "engines": {
        "node": ">= 24"
      }
    },
    "node_modules/@webviewjs/webview-android-arm64": {
      "version": "0.3.2",
      "resolved": "https://registry.npmjs.org/@webviewjs/webview-android-arm64/-/webview-android-arm64-0.3.2.tgz",
      "integrity": "sha512-3kxOIMW8VSzGcNrqI0FoL+b5TnyzAdAo3IbqcfA7S/kX8KI0R3OcE6LMGJJw5uJp33w4c9YjxntZMmIDg2wsPA==",
      "cpu": [
        "arm64"
      ],
      "license": "MIT",
      "optional": true,
      "os": [
        "android"
      ],
      "engines": {
        "node": ">= 24"
      }
    },
    "node_modules/@webviewjs/webview-darwin-arm64": {
      "version": "0.3.2",
      "resolved": "https://registry.npmjs.org/@webviewjs/webview-darwin-arm64/-/webview-darwin-arm64-0.3.2.tgz",
      "integrity": "sha512-CEG8jcq5esvtpHx3xAWfT/tM6aIRl6CcH0+uqdejabT6ztXG79pMDmAk5vy75FuN1Yo4M1YLsAI3baNPMKqW3w==",
      "cpu": [
        "arm64"
      ],
      "license": "MIT",
      "optional": true,
      "os": [
        "darwin"
      ],
      "engines": {
        "node": ">= 24"
      }
    },
    "node_modules/@webviewjs/webview-darwin-x64": {
      "version": "0.3.2",
      "resolved": "https://registry.npmjs.org/@webviewjs/webview-darwin-x64/-/webview-darwin-x64-0.3.2.tgz",
      "integrity": "sha512-B3orFstNJFLwrEmd0PXq2LkXuxxo/hPnszVmAbSmgE/V5vEtSaqHBGHMf1T7l9MwoWaBXQtokN+TBPHtXj743g==",
      "cpu": [
        "x64"
      ],
      "license": "MIT",
      "optional": true,
      "os": [
        "darwin"
      ],
      "engines": {
        "node": ">= 24"
      }
    },
    "node_modules/@webviewjs/webview-freebsd-x64": {
      "version": "0.3.2",
      "resolved": "https://registry.npmjs.org/@webviewjs/webview-freebsd-x64/-/webview-freebsd-x64-0.3.2.tgz",
      "integrity": "sha512-32b62PWLtvZcK/8aEYAj/22c2p4HMol8l47bWEhHCU8cD1PxTMMO97vSUlLMXVqFleuqZRnlMH0Sh7q+ecGH0g==",
      "cpu": [
        "x64"
      ],
      "license": "MIT",
      "optional": true,
      "os": [
        "freebsd"
      ],
      "engines": {
        "node": ">= 24"
      }
    },
    "node_modules/@webviewjs/webview-linux-arm-gnueabihf": {
      "version": "0.3.2",
      "resolved": "https://registry.npmjs.org/@webviewjs/webview-linux-arm-gnueabihf/-/webview-linux-arm-gnueabihf-0.3.2.tgz",
      "integrity": "sha512-SbfazKNygRvFngSRYpu6VchHQ3wOkOQIF2LRAfBpZP/VcQ3O/7zQl9Ka/sqwBD8f0TAWA8Rgpst8OvmUyvpPow==",
      "cpu": [
        "arm"
      ],
      "license": "MIT",
      "optional": true,
      "os": [
        "linux"
      ],
      "engines": {
        "node": ">= 24"
      }
    },
    "node_modules/@webviewjs/webview-linux-arm64-gnu": {
      "version": "0.3.2",
      "resolved": "https://registry.npmjs.org/@webviewjs/webview-linux-arm64-gnu/-/webview-linux-arm64-gnu-0.3.2.tgz",
      "integrity": "sha512-WBPvA678IxniPPCmV60Tp4m34VoLCz0YbQ/27znvhB4r6H/FGYeASiZTw0uuCWTMKvX9//BhaaTPSEUCWISu3g==",
      "cpu": [
        "arm64"
      ],
      "libc": [
        "glibc"
      ],
      "license": "MIT",
      "optional": true,
      "os": [
        "linux"
      ],
      "engines": {
        "node": ">= 24"
      }
    },
    "node_modules/@webviewjs/webview-linux-x64-gnu": {
      "version": "0.3.2",
      "resolved": "https://registry.npmjs.org/@webviewjs/webview-linux-x64-gnu/-/webview-linux-x64-gnu-0.3.2.tgz",
      "integrity": "sha512-Duv7ifV0sH+qHP5dmnXDHqbFLblXCOlQUpcHWnqL7ayzpIVuIfkmbCKD4b9yjxLt5Uaw0+NUmkmOzdnreDPsxw==",
      "cpu": [
        "x64"
      ],
      "libc": [
        "glibc"
      ],
      "license": "MIT",
      "optional": true,
      "os": [
        "linux"
      ],
      "engines": {
        "node": ">= 24"
      }
    },
    "node_modules/@webviewjs/webview-win32-arm64-msvc": {
      "version": "0.3.2",
      "resolved": "https://registry.npmjs.org/@webviewjs/webview-win32-arm64-msvc/-/webview-win32-arm64-msvc-0.3.2.tgz",
      "integrity": "sha512-j9jYT97ZXwH3FLgcDXwdj8Pke5KxoKAjC4vATqCTCWL4UB0T0vcx2LYqsePKlQdp7FMc0ULBFggqu/D9Xky21w==",
      "cpu": [
        "arm64"
      ],
      "license": "MIT",
      "optional": true,
      "os": [
        "win32"
      ],
      "engines": {
        "node": ">= 24"
      }
    },
    "node_modules/@webviewjs/webview-win32-ia32-msvc": {
      "version": "0.3.2",
      "resolved": "https://registry.npmjs.org/@webviewjs/webview-win32-ia32-msvc/-/webview-win32-ia32-msvc-0.3.2.tgz",
      "integrity": "sha512-hizyjW2KRk0R7OLjyuh1yUxd/A5KNQUnuOWJufeOHp1eF/x0hAWqGaNmdcyDCsgzl0SjrCUAGsGILGq1hvmBWA==",
      "cpu": [
        "ia32"
      ],
      "license": "MIT",
      "optional": true,
      "os": [
        "win32"
      ],
      "engines": {
        "node": ">= 24"
      }
    },
    "node_modules/@webviewjs/webview-win32-x64-msvc": {
      "version": "0.3.2",
      "resolved": "https://registry.npmjs.org/@webviewjs/webview-win32-x64-msvc/-/webview-win32-x64-msvc-0.3.2.tgz",
      "integrity": "sha512-37yGQXnZc/mPyP2Fsj24guYyT8DBxXJrFbXwFclNO9CCP2QZSkFvBI0UGiztKzmhOXylF/9Soblyf6m1GFWTIw==",
      "cpu": [
        "x64"
      ],
      "license": "MIT",
      "optional": true,
      "os": [
        "win32"
      ],
      "engines": {
        "node": ">= 24"
      }
    },
    "node_modules/@webviewjs/webview/node_modules/@webviewjs/webview-linux-ia32-gnu": {
      "optional": true
    }
  }
}
